
Microsoft Visual Studio Solution File, Format Version 12.00
# Visual Studio Version 17
VisualStudioVersion = 17.1.32407.343
MinimumVisualStudioVersion = 10.0.40219.1
Project("{FAE04EC0-301F-11D3-BF4B-00C04F79EFBC}") = "Obuchenie_1.0_List", "Obuchenie_1.0_List\Obuchenie_1.0_List.csproj", "{D01A41A6-D356-4775-BFEA-4636060109F1}"
EndProject
Global
	GlobalSection(SolutionConfigurationPlatforms) = preSolution
		Debug|Any CPU = Debug|Any CPU
		Release|Any CPU = Release|Any CPU
	EndGlobalSection
	GlobalSection(ProjectConfigurationPlatforms) = postSolution
		{D01A41A6-D356-4775-BFEA-4636060109F1}.Debug|Any CPU.ActiveCfg = Debug|Any CPU
		{D01A41A6-D356-4775-BFEA-4636060109F1}.Debug|Any CPU.Build.0 = Debug|Any CPU
		{D01A41A6-D356-4775-BFEA-4636060109F1}.Release|Any CPU.ActiveCfg = Release|Any CPU
		{D01A41A6-D356-4775-BFEA-4636060109F1}.Release|Any CPU.Build.0 = Release|Any CPU
	EndGlobalSection
	GlobalSection(SolutionProperties) = preSolution
		HideSolutionNode = FALSE
	EndGlobalSection
	GlobalSection(ExtensibilityGlobals) = postSolution
		SolutionGuid = {5681B911-237C-49AA-91A3-605E30753AA4}
	EndGlobalSection
EndGlobal
